
Microsoft Visual Studio Solution File, Format Version 12.00
# Visual Studio 2013
VisualStudioVersion = 12.0.31101.0
MinimumVisualStudioVersion = 10.0.40219.1
Project("{FAE04EC0-301F-11D3-BF4B-00C04F79EFBC}") = "Chunter", "Chunter\Chunter.csproj", "{9221C6BF-61C8-4648-A044-9EBC26F0B19A}"
EndProject
Project("{2150E333-8FDC-42A3-9474-1A3956D46DE8}") = ".nuget", ".nuget", "{47059E37-4683-4679-BC0C-E9B372EE455B}"
	ProjectSection(SolutionItems) = preProject
		.nuget\packages.config = .nuget\packages.config
	EndProjectSection
EndProject
Global
	GlobalSection(SolutionConfigurationPlatforms) = preSolution
		Debug|Any CPU = Debug|Any CPU
		Release|Any CPU = Release|Any CPU
	EndGlobalSection
	GlobalSection(ProjectConfigurationPlatforms) = postSolution
		{9221C6BF-61C8-4648-A044-9EBC26F0B19A}.Debug|Any CPU.ActiveCfg = Debug|Any CPU
		{9221C6BF-61C8-4648-A044-9EBC26F0B19A}.Debug|Any CPU.Build.0 = Debug|Any CPU
		{9221C6BF-61C8-4648-A044-9EBC26F0B19A}.Release|Any CPU.ActiveCfg = Release|Any CPU
		{9221C6BF-61C8-4648-A044-9EBC26F0B19A}.Release|Any CPU.Build.0 = Release|Any CPU
	EndGlobalSection
	GlobalSection(SolutionProperties) = preSolution
		HideSolutionNode = FALSE
	EndGlobalSection
EndGlobal
